
Microsoft Visual Studio Solution File, Format Version 12.00
# Visual Studio Version 17
VisualStudioVersion = 17.11.35327.3
MinimumVisualStudioVersion = 10.0.40219.1
Project("{9A19103F-16F7-4668-BE54-9A1E7A4F7556}") = "IdentityServer", "IdentityServer\IdentityServer.csproj", "{B9C992A8-0682-4C62-8427-265703C4B649}"
EndProject
Global
	GlobalSection(SolutionConfigurationPlatforms) = preSolution
		Debug|Any CPU = Debug|Any CPU
		Release|Any CPU = Release|Any CPU
	EndGlobalSection
	GlobalSection(ProjectConfigurationPlatforms) = postSolution
		{B9C992A8-0682-4C62-8427-265703C4B649}.Debug|Any CPU.ActiveCfg = Debug|Any CPU
		{B9C992A8-0682-4C62-8427-265703C4B649}.Debug|Any CPU.Build.0 = Debug|Any CPU
		{B9C992A8-0682-4C62-8427-265703C4B649}.Release|Any CPU.ActiveCfg = Release|Any CPU
		{B9C992A8-0682-4C62-8427-265703C4B649}.Release|Any CPU.Build.0 = Release|Any CPU
	EndGlobalSection
	GlobalSection(SolutionProperties) = preSolution
		HideSolutionNode = FALSE
	EndGlobalSection
	GlobalSection(ExtensibilityGlobals) = postSolution
		SolutionGuid = {875D17FA-8A57-4D74-B977-0CF6AF4F421D}
	EndGlobalSection
EndGlobal
